{
  "nodes": {
    "nixpkgs": {
      "info": {
        "lastModified": 1586209921,
        "narHash": "sha256-J7f4twcmTNrghhj0xt7Yl1ZOK6VAw+rJl0UaFdNPVPA="
      },
      "locked": {
        "owner": "NixOS",
        "repo": "nixpkgs",
        "rev": "5d3f4e9c0b9c3ccfbd48e5b472ad064215fd4a28",
        "type": "github"
      },
      "original": {
        "id": "nixpkgs",
        "type": "indirect"
      }
    },
    "root": {
      "inputs": {
        "nixpkgs": "nixpkgs"
      }
    }
  },
  "root": "root",
  "version": 5
}
