{
  "nodes": {
    "nixpkgs": {
      "info": {
        "lastModified": 1586225769,
        "narHash": "sha256-ci/BsZ/BTE1gqGuGeqcO/ti2IIUmYQ4wSz/UZLDVFqU="
      },
      "locked": {
        "owner": "eadwu",
        "repo": "nixpkgs",
        "rev": "959443b657a7893fbde768d563b3e55d06c0e428",
        "type": "github"
      },
      "original": {
        "id": "nixpkgs",
        "type": "indirect"
      }
    },
    "root": {
      "inputs": {
        "nixpkgs": "nixpkgs"
      }
    }
  },
  "root": "root",
  "version": 5
}
