{
  "nodes": {
    "custom": {
      "info": {
        "lastModified": 1586140679,
        "narHash": "sha256-tK0QmTc5u5b87p6YSB/nns02C3MBMNyQ7YwTUNTmIxs="
      },
      "inputs": {
        "nixpkgs": "nixpkgs"
      },
      "locked": {
        "owner": "eadwu",
        "repo": "flakes",
        "rev": "baa91e77cd27889d444a5208a7b5e50166b2d01e",
        "type": "github"
      },
      "original": {
        "owner": "eadwu",
        "ref": "custom",
        "repo": "flakes",
        "type": "github"
      }
    },
    "nixpkgs": {
      "info": {
        "lastModified": 1586141949,
        "narHash": "sha256-g0yrYg1Si+fIMRjRfec1hgHnZTCEmIIflFRisMHVlRE="
      },
      "locked": {
        "owner": "NixOS",
        "repo": "nixpkgs",
        "rev": "415e26531d6fb2ce1613c7859a841bee24fade7e",
        "type": "github"
      },
      "original": {
        "id": "nixpkgs",
        "type": "indirect"
      }
    },
    "nixpkgs_2": {
      "info": {
        "lastModified": 1586141949,
        "narHash": "sha256-g0yrYg1Si+fIMRjRfec1hgHnZTCEmIIflFRisMHVlRE="
      },
      "locked": {
        "owner": "NixOS",
        "repo": "nixpkgs",
        "rev": "415e26531d6fb2ce1613c7859a841bee24fade7e",
        "type": "github"
      },
      "original": {
        "id": "nixpkgs",
        "type": "indirect"
      }
    },
    "nixpkgs_3": {
      "info": {
        "lastModified": 1586099720,
        "narHash": "sha256-P9gg7ge6ndfldqB3IcxTYO6HhIya5BTbmrvPcZhd2Cg="
      },
      "locked": {
        "owner": "NixOS",
        "repo": "nixpkgs",
        "rev": "0454fae7ca61dc3d0d83e889fb8e37a7841157d0",
        "type": "github"
      },
      "original": {
        "id": "nixpkgs",
        "type": "indirect"
      }
    },
    "rolling": {
      "info": {
        "lastModified": 1586142771,
        "narHash": "sha256-Lpm94n3dsLMQvJBFu888EHLJlWCdSXGiTQZqxI1DCHw="
      },
      "inputs": {
        "nixpkgs": "nixpkgs_3"
      },
      "locked": {
        "owner": "eadwu",
        "repo": "flakes",
        "rev": "f86ea074ef1496f0016a40a3348e3a501b237def",
        "type": "github"
      },
      "original": {
        "owner": "eadwu",
        "ref": "rolling",
        "repo": "flakes",
        "type": "github"
      }
    },
    "root": {
      "inputs": {
        "custom": "custom",
        "nixpkgs": "nixpkgs_2",
        "rolling": "rolling"
      }
    }
  },
  "root": "root",
  "version": 5
}
